
Microsoft Visual Studio Solution File, Format Version 12.00
# Visual Studio 14
VisualStudioVersion = 14.0.25420.1
MinimumVisualStudioVersion = 10.0.40219.1
Project("{FAE04EC0-301F-11D3-BF4B-00C04F79EFBC}") = "RentCar", "RentCar\RentCar.csproj", "{85692568-2FCE-4926-AC2B-0BD9A5ABE444}"
EndProject
Project("{2150E333-8FDC-42A3-9474-1A3956D46DE8}") = "Solution Items", "Solution Items", "{469C5A11-774D-48F3-918B-782C5A8785A3}"
	ProjectSection(SolutionItems) = preProject
		WE-Palette.css = WE-Palette.css
	EndProjectSection
EndProject
Global
	GlobalSection(SolutionConfigurationPlatforms) = preSolution
		Debug|Any CPU = Debug|Any CPU
		Release|Any CPU = Release|Any CPU
	EndGlobalSection
	GlobalSection(ProjectConfigurationPlatforms) = postSolution
		{85692568-2FCE-4926-AC2B-0BD9A5ABE444}.Debug|Any CPU.ActiveCfg = Debug|Any CPU
		{85692568-2FCE-4926-AC2B-0BD9A5ABE444}.Debug|Any CPU.Build.0 = Debug|Any CPU
		{85692568-2FCE-4926-AC2B-0BD9A5ABE444}.Release|Any CPU.ActiveCfg = Release|Any CPU
		{85692568-2FCE-4926-AC2B-0BD9A5ABE444}.Release|Any CPU.Build.0 = Release|Any CPU
	EndGlobalSection
	GlobalSection(SolutionProperties) = preSolution
		HideSolutionNode = FALSE
	EndGlobalSection
EndGlobal
